
Microsoft Visual Studio Solution File, Format Version 12.00
# Visual Studio Version 16
VisualStudioVersion = 16.0.29709.97
MinimumVisualStudioVersion = 10.0.40219.1
Project("{9A19103F-16F7-4668-BE54-9A1E7A4F7556}") = "FluentArgs", "FluentArgs.csproj", "{1D8572C7-878A-4CA5-8946-4B1D75E667DB}"
EndProject
Project("{FAE04EC0-301F-11D3-BF4B-00C04F79EFBC}") = "FluentArgsConsole", "..\tests\console\FluentArgsConsole\FluentArgsConsole.csproj", "{001F2D19-F725-4D8C-AD00-BCE1CB7E8215}"
EndProject
Project("{FAE04EC0-301F-11D3-BF4B-00C04F79EFBC}") = "UnitTests", "..\tests\unit\UnitTests\UnitTests.csproj", "{CCFFD5A9-A67E-4600-8824-4A158F1FD4B4}"
EndProject
Global
	GlobalSection(SolutionConfigurationPlatforms) = preSolution
		Debug|Any CPU = Debug|Any CPU
		Release|Any CPU = Release|Any CPU
	EndGlobalSection
	GlobalSection(ProjectConfigurationPlatforms) = postSolution
		{1D8572C7-878A-4CA5-8946-4B1D75E667DB}.Debug|Any CPU.ActiveCfg = Debug|Any CPU
		{1D8572C7-878A-4CA5-8946-4B1D75E667DB}.Debug|Any CPU.Build.0 = Debug|Any CPU
		{1D8572C7-878A-4CA5-8946-4B1D75E667DB}.Release|Any CPU.ActiveCfg = Release|Any CPU
		{1D8572C7-878A-4CA5-8946-4B1D75E667DB}.Release|Any CPU.Build.0 = Release|Any CPU
		{001F2D19-F725-4D8C-AD00-BCE1CB7E8215}.Debug|Any CPU.ActiveCfg = Debug|Any CPU
		{001F2D19-F725-4D8C-AD00-BCE1CB7E8215}.Debug|Any CPU.Build.0 = Debug|Any CPU
		{001F2D19-F725-4D8C-AD00-BCE1CB7E8215}.Release|Any CPU.ActiveCfg = Release|Any CPU
		{001F2D19-F725-4D8C-AD00-BCE1CB7E8215}.Release|Any CPU.Build.0 = Release|Any CPU
		{CCFFD5A9-A67E-4600-8824-4A158F1FD4B4}.Debug|Any CPU.ActiveCfg = Debug|Any CPU
		{CCFFD5A9-A67E-4600-8824-4A158F1FD4B4}.Debug|Any CPU.Build.0 = Debug|Any CPU
		{CCFFD5A9-A67E-4600-8824-4A158F1FD4B4}.Release|Any CPU.ActiveCfg = Release|Any CPU
		{CCFFD5A9-A67E-4600-8824-4A158F1FD4B4}.Release|Any CPU.Build.0 = Release|Any CPU
	EndGlobalSection
	GlobalSection(SolutionProperties) = preSolution
		HideSolutionNode = FALSE
	EndGlobalSection
	GlobalSection(ExtensibilityGlobals) = postSolution
		SolutionGuid = {AFEC5AD4-889F-4A4E-BB15-AEAF1C477285}
	EndGlobalSection
EndGlobal
